<?xml version="1.0" encoding="utf-8"?>
<Project ToolsVersion="4.0" xmlns="http://schemas.microsoft.com/developer/msbuild/2003">
  <ItemGroup>
    <ClCompile Include="Precompiled.cpp" />
    <ClCompile Include="Draw.cpp">
      <Filter>Drawing</Filter>
    </ClCompile>
    <ClCompile Include="D3DSystem.cpp" />
    <ClCompile Include="RenderTarget.cpp">
      <Filter>Textures</Filter>
    </ClCompile>
    <ClCompile Include="Texture.cpp">
      <Filter>Textures</Filter>
    </ClCompile>
    <ClCompile Include="DepthMap.cpp">
      <Filter>Textures</Filter>
    </ClCompile>
    <ClCompile Include="Spriter.cpp">
      <Filter>Rendering</Filter>
    </ClCompile>
    <ClCompile Include="Font.cpp">
      <Filter>Textures</Filter>
    </ClCompile>
    <ClCompile Include="Blend.cpp">
      <Filter>States</Filter>
    </ClCompile>
    <ClCompile Include="Rasterizer.cpp">
      <Filter>States</Filter>
    </ClCompile>
    <ClCompile Include="Tester.cpp">
      <Filter>States</Filter>
    </ClCompile>
    <ClCompile Include="Dashboard.cpp">
      <Filter>States</Filter>
    </ClCompile>
    <ClCompile Include="SomeSingleton.cpp">
      <Filter>Rendering</Filter>
    </ClCompile>
    <ClCompile Include="Sampler.cpp">
      <Filter>Textures</Filter>
    </ClCompile>
    <ClCompile Include="Vertex.cpp">
      <Filter>GraphicBasic</Filter>
    </ClCompile>
    <ClCompile Include="Camera.cpp">
      <Filter>GraphicBasic\Lighting</Filter>
    </ClCompile>
    <ClCompile Include="Shader.cpp">
      <Filter>GraphicBasic\Shading</Filter>
    </ClCompile>
    <ClCompile Include="Util.cpp">
      <Filter>GraphicBasic</Filter>
    </ClCompile>
    <ClCompile Include="FlatRenderer.cpp">
      <Filter>Rendering</Filter>
    </ClCompile>
    <ClCompile Include="PaintedRenderer.cpp">
      <Filter>Rendering</Filter>
    </ClCompile>
    <ClCompile Include="FramedRenderer.cpp">
      <Filter>Rendering</Filter>
    </ClCompile>
    <ClCompile Include="SurfaceRenderer.cpp">
      <Filter>Rendering</Filter>
    </ClCompile>
    <ClCompile Include="LitRenderer.cpp">
      <Filter>Rendering</Filter>
    </ClCompile>
    <ClCompile Include="MetaRegistration.cpp" />
  </ItemGroup>
  <ItemGroup>
    <ClInclude Include="Common.h" />
    <ClInclude Include="Precompiled.h" />
    <ClInclude Include="MeshBuilder.h">
      <Filter>Meshes</Filter>
    </ClInclude>
    <ClInclude Include="Mesh.h">
      <Filter>Meshes</Filter>
    </ClInclude>
    <ClInclude Include="Visualization.h" />
    <ClInclude Include="Draw.h">
      <Filter>Drawing</Filter>
    </ClInclude>
    <ClInclude Include="System.h" />
    <ClInclude Include="Model.h">
      <Filter>Meshes</Filter>
    </ClInclude>
    <ClInclude Include="RenderTarget.h">
      <Filter>Textures</Filter>
    </ClInclude>
    <ClInclude Include="Texture.h">
      <Filter>Textures</Filter>
    </ClInclude>
    <ClInclude Include="DepthMap.h">
      <Filter>Textures</Filter>
    </ClInclude>
    <ClInclude Include="Spriter.h">
      <Filter>Rendering</Filter>
    </ClInclude>
    <ClInclude Include="Font.h">
      <Filter>Textures</Filter>
    </ClInclude>
    <ClInclude Include="Blend.h">
      <Filter>States</Filter>
    </ClInclude>
    <ClInclude Include="Rasterizer.h">
      <Filter>States</Filter>
    </ClInclude>
    <ClInclude Include="Tester.h">
      <Filter>States</Filter>
    </ClInclude>
    <ClInclude Include="Dashboard.h">
      <Filter>States</Filter>
    </ClInclude>
    <ClInclude Include="SomeSingleton.h">
      <Filter>Rendering</Filter>
    </ClInclude>
    <ClInclude Include="Renderer.h">
      <Filter>Rendering</Filter>
    </ClInclude>
    <ClInclude Include="Sampler.h">
      <Filter>Textures</Filter>
    </ClInclude>
    <ClInclude Include="Materials.h">
      <Filter>Rendering</Filter>
    </ClInclude>
    <ClInclude Include="Vertex.h">
      <Filter>GraphicBasic</Filter>
    </ClInclude>
    <ClInclude Include="Shader.h">
      <Filter>GraphicBasic\Shading</Filter>
    </ClInclude>
    <ClInclude Include="Buffer.h">
      <Filter>GraphicBasic\Shading</Filter>
    </ClInclude>
    <ClInclude Include="Util.h">
      <Filter>GraphicBasic</Filter>
    </ClInclude>
    <ClInclude Include="GraphicBasic.h">
      <Filter>GraphicBasic</Filter>
    </ClInclude>
    <ClInclude Include="Camera.h">
      <Filter>GraphicBasic\Lighting</Filter>
    </ClInclude>
    <ClInclude Include="Light.h">
      <Filter>GraphicBasic\Lighting</Filter>
    </ClInclude>
    <ClInclude Include="ConicColour.h">
      <Filter>GraphicBasic\Lighting</Filter>
    </ClInclude>
    <ClInclude Include="MetaRegistration.h" />
  </ItemGroup>
  <ItemGroup>
    <Filter Include="Meshes">
      <UniqueIdentifier>{1b901987-4925-4108-a411-3098c308d253}</UniqueIdentifier>
    </Filter>
    <Filter Include="Drawing">
      <UniqueIdentifier>{68eb2b8f-76f9-4db6-aa71-0800349ea16e}</UniqueIdentifier>
    </Filter>
    <Filter Include="Rendering">
      <UniqueIdentifier>{04136c85-db96-4c0c-979b-cd74876a5e73}</UniqueIdentifier>
    </Filter>
    <Filter Include="Textures">
      <UniqueIdentifier>{2c007f28-c9a8-4b37-8a2f-00668a851793}</UniqueIdentifier>
    </Filter>
    <Filter Include="States">
      <UniqueIdentifier>{9839cfd5-8e56-4939-b4d9-a1d98f6d0fde}</UniqueIdentifier>
    </Filter>
    <Filter Include="GraphicBasic">
      <UniqueIdentifier>{1fc3a91d-c409-47ae-8478-430ad1bd643a}</UniqueIdentifier>
    </Filter>
    <Filter Include="GraphicBasic\Shading">
      <UniqueIdentifier>{48cf6881-2612-4cc4-af4b-6163ecf473e2}</UniqueIdentifier>
    </Filter>
    <Filter Include="GraphicBasic\Lighting">
      <UniqueIdentifier>{0c6b4b19-0b9e-4f23-a9f5-befa61f837b2}</UniqueIdentifier>
    </Filter>
  </ItemGroup>
  <ItemGroup>
    <None Include="Mesh.inl">
      <Filter>Meshes</Filter>
    </None>
    <None Include="MeshBuilder.inl">
      <Filter>Meshes</Filter>
    </None>
    <None Include="Shader.inl">
      <Filter>GraphicBasic\Shading</Filter>
    </None>
    <None Include="ShaderBuffers.inl">
      <Filter>GraphicBasic\Shading</Filter>
    </None>
    <None Include="Buffer.inl">
      <Filter>GraphicBasic\Shading</Filter>
    </None>
    <None Include="SpecificShader.inl">
      <Filter>GraphicBasic\Shading</Filter>
    </None>
    <None Include="Model.inl">
      <Filter>Meshes</Filter>
    </None>
  </ItemGroup>
</Project>