<?xml version="1.0" encoding="utf-8"?>
<Project ToolsVersion="4.0" xmlns="http://schemas.microsoft.com/developer/msbuild/2003">
  <ItemGroup>
    <ClInclude Include="Common.h" />
    <ClInclude Include="InputTypes.h" />
    <ClInclude Include="System.h" />
    <ClInclude Include="Utilization.h" />
    <ClInclude Include="InputStates.h" />
    <ClInclude Include="Controller.h" />
  </ItemGroup>
  <ItemGroup>
    <ClCompile Include="Precompiled.cpp" />
    <ClCompile Include="System.cpp" />
    <ClCompile Include="InputStates.cpp" />
    <ClCompile Include="Controller.cpp" />
  </ItemGroup>
</Project>